<?xml version="1.0" encoding="utf-8"?>
<Project ToolsVersion="4.0" xmlns="http://schemas.microsoft.com/developer/msbuild/2003">
  <ItemGroup>
    <Filter Include="ソース ファイル">
      <UniqueIdentifier>{4FC737F1-C7A5-4376-A066-2A32D752A2FF}</UniqueIdentifier>
      <Extensions>cpp;c;cc;cxx;c++;cppm;ixx;def;odl;idl;hpj;bat;asm;asmx</Extensions>
    </Filter>
    <Filter Include="ヘッダー ファイル">
      <UniqueIdentifier>{93995380-89BD-4b04-88EB-625FBE52EBFB}</UniqueIdentifier>
      <Extensions>h;hh;hpp;hxx;h++;hm;inl;inc;ipp;xsd</Extensions>
    </Filter>
    <Filter Include="リソース ファイル">
      <UniqueIdentifier>{67DA6AB6-F800-4c08-8B7A-83BB121AAD01}</UniqueIdentifier>
      <Extensions>rc;ico;cur;bmp;dlg;rc2;rct;bin;rgs;gif;jpg;jpeg;jpe;resx;tiff;tif;png;wav;mfcribbon-ms</Extensions>
    </Filter>
    <Filter Include="ソース ファイル\game">
      <UniqueIdentifier>{7e862db9-0d72-41a1-b8f8-8d63bd69a042}</UniqueIdentifier>
    </Filter>
    <Filter Include="ソース ファイル\game\Collision">
      <UniqueIdentifier>{6421d1e3-42e9-4780-9902-c81892bdaa68}</UniqueIdentifier>
    </Filter>
    <Filter Include="ソース ファイル\game\System">
      <UniqueIdentifier>{714bf0b0-4622-483e-a715-3b0d54761344}</UniqueIdentifier>
    </Filter>
    <Filter Include="ソース ファイル\lib">
      <UniqueIdentifier>{1b9d1906-2107-4905-9038-2e00e8256fa9}</UniqueIdentifier>
    </Filter>
    <Filter Include="ソース ファイル\lib\Fade">
      <UniqueIdentifier>{51e9e429-cf43-4216-9d9f-7716e0a22711}</UniqueIdentifier>
    </Filter>
    <Filter Include="ソース ファイル\lib\Frame">
      <UniqueIdentifier>{6cc19a35-92f2-41e5-888e-a489e7a59b82}</UniqueIdentifier>
    </Filter>
    <Filter Include="ソース ファイル\lib\Math">
      <UniqueIdentifier>{ae453dbb-7d53-4013-b45a-b229b7476b85}</UniqueIdentifier>
    </Filter>
    <Filter Include="ソース ファイル\game\Enemy">
      <UniqueIdentifier>{76fb6133-61bd-4164-834c-2642d9ab9097}</UniqueIdentifier>
    </Filter>
    <Filter Include="ソース ファイル\game\Player">
      <UniqueIdentifier>{1ed2a15b-bfdc-48e7-b858-91aced3db353}</UniqueIdentifier>
    </Filter>
    <Filter Include="ソース ファイル\game\Scene">
      <UniqueIdentifier>{a0a0545f-0b6d-4a9d-8b07-56e4fd54bc3c}</UniqueIdentifier>
    </Filter>
    <Filter Include="ソース ファイル\game\Camera">
      <UniqueIdentifier>{8c2df2e5-3053-4154-b278-0ab18e624a73}</UniqueIdentifier>
    </Filter>
    <Filter Include="ソース ファイル\game\Field">
      <UniqueIdentifier>{b95cf5ad-2881-44ce-b571-a03c9542865f}</UniqueIdentifier>
    </Filter>
    <Filter Include="ソース ファイル\game\Shot">
      <UniqueIdentifier>{a8719ae1-f26d-4455-a848-141bf23594b5}</UniqueIdentifier>
    </Filter>
    <Filter Include="ソース ファイル\game\Enemy\Enemy1">
      <UniqueIdentifier>{47c17718-31d4-421a-8847-f578e5c44c84}</UniqueIdentifier>
    </Filter>
    <Filter Include="ソース ファイル\game\Enemy\Enemy2">
      <UniqueIdentifier>{5b94ec18-fe77-4726-982d-8ad4e1725521}</UniqueIdentifier>
    </Filter>
    <Filter Include="ソース ファイル\game\Enemy\Enemy3">
      <UniqueIdentifier>{4176f4a2-ceac-4250-863d-656df4685a5b}</UniqueIdentifier>
    </Filter>
  </ItemGroup>
  <ItemGroup>
    <ClCompile Include="src\main.cpp">
      <Filter>ソース ファイル</Filter>
    </ClCompile>
    <ClCompile Include="src\lib\Fade\Fade.cpp">
      <Filter>ソース ファイル\lib\Fade</Filter>
    </ClCompile>
    <ClCompile Include="src\lib\Frame\Frame.cpp">
      <Filter>ソース ファイル\lib\Frame</Filter>
    </ClCompile>
    <ClCompile Include="src\lib\Math\Collision.cpp">
      <Filter>ソース ファイル\lib\Math</Filter>
    </ClCompile>
    <ClCompile Include="src\game\Camera\CameraManager.cpp">
      <Filter>ソース ファイル\game\Camera</Filter>
    </ClCompile>
    <ClCompile Include="src\game\Camera\DebugCamera.cpp">
      <Filter>ソース ファイル\game\Camera</Filter>
    </ClCompile>
    <ClCompile Include="src\game\Camera\PlayCamera.cpp">
      <Filter>ソース ファイル\game\Camera</Filter>
    </ClCompile>
    <ClCompile Include="src\game\Collision\CollisionManager.cpp">
      <Filter>ソース ファイル\game\Collision</Filter>
    </ClCompile>
    <ClCompile Include="src\game\Field\Field.cpp">
      <Filter>ソース ファイル\game\Field</Filter>
    </ClCompile>
    <ClCompile Include="src\game\Player\Player.cpp">
      <Filter>ソース ファイル\game\Player</Filter>
    </ClCompile>
    <ClCompile Include="src\game\Scene\SceneResult.cpp">
      <Filter>ソース ファイル\game\Scene</Filter>
    </ClCompile>
    <ClCompile Include="src\game\Scene\SceneManager.cpp">
      <Filter>ソース ファイル\game\Scene</Filter>
    </ClCompile>
    <ClCompile Include="src\game\Scene\ScenePlay.cpp">
      <Filter>ソース ファイル\game\Scene</Filter>
    </ClCompile>
    <ClCompile Include="src\game\Scene\SceneTitle.cpp">
      <Filter>ソース ファイル\game\Scene</Filter>
    </ClCompile>
    <ClCompile Include="src\game\System\SoundManager.cpp">
      <Filter>ソース ファイル\game\System</Filter>
    </ClCompile>
    <ClCompile Include="src\game\Shot\Shot.cpp">
      <Filter>ソース ファイル\game\Shot</Filter>
    </ClCompile>
    <ClCompile Include="src\game\Shot\ShotManager.cpp">
      <Filter>ソース ファイル\game\Shot</Filter>
    </ClCompile>
    <ClCompile Include="src\game\Enemy\Enemy1\Enemy.cpp">
      <Filter>ソース ファイル\game\Enemy\Enemy1</Filter>
    </ClCompile>
    <ClCompile Include="src\game\Enemy\Enemy1\EnemyManager.cpp">
      <Filter>ソース ファイル\game\Enemy\Enemy1</Filter>
    </ClCompile>
    <ClCompile Include="src\game\Enemy\Enemy2\Enemy2.cpp">
      <Filter>ソース ファイル\game\Enemy\Enemy2</Filter>
    </ClCompile>
    <ClCompile Include="src\game\Enemy\Enemy2\EnemyManager2.cpp">
      <Filter>ソース ファイル\game\Enemy\Enemy2</Filter>
    </ClCompile>
    <ClCompile Include="src\game\Enemy\Enemy3\Enemy3.cpp">
      <Filter>ソース ファイル\game\Enemy\Enemy3</Filter>
    </ClCompile>
    <ClCompile Include="src\game\Enemy\Enemy3\EnemyManager3.cpp">
      <Filter>ソース ファイル\game\Enemy\Enemy3</Filter>
    </ClCompile>
  </ItemGroup>
  <ItemGroup>
    <ClInclude Include="src\lib\Fade\Fade.h">
      <Filter>ソース ファイル\lib\Fade</Filter>
    </ClInclude>
    <ClInclude Include="src\lib\Frame\Frame.h">
      <Filter>ソース ファイル\lib\Frame</Filter>
    </ClInclude>
    <ClInclude Include="src\lib\Math\Collision.h">
      <Filter>ソース ファイル\lib\Math</Filter>
    </ClInclude>
    <ClInclude Include="src\game\Camera\CameraManager.h">
      <Filter>ソース ファイル\game\Camera</Filter>
    </ClInclude>
    <ClInclude Include="src\game\Camera\DebugCamera.h">
      <Filter>ソース ファイル\game\Camera</Filter>
    </ClInclude>
    <ClInclude Include="src\game\Camera\PlayCamera.h">
      <Filter>ソース ファイル\game\Camera</Filter>
    </ClInclude>
    <ClInclude Include="src\game\Collision\CollisionManager.h">
      <Filter>ソース ファイル\game\Collision</Filter>
    </ClInclude>
    <ClInclude Include="src\game\Field\Field.h">
      <Filter>ソース ファイル\game\Field</Filter>
    </ClInclude>
    <ClInclude Include="src\game\Player\Player.h">
      <Filter>ソース ファイル\game\Player</Filter>
    </ClInclude>
    <ClInclude Include="src\game\Scene\SceneResult.h">
      <Filter>ソース ファイル\game\Scene</Filter>
    </ClInclude>
    <ClInclude Include="src\game\Scene\SceneManager.h">
      <Filter>ソース ファイル\game\Scene</Filter>
    </ClInclude>
    <ClInclude Include="src\game\Scene\ScenePlay.h">
      <Filter>ソース ファイル\game\Scene</Filter>
    </ClInclude>
    <ClInclude Include="src\game\Scene\SceneTitle.h">
      <Filter>ソース ファイル\game\Scene</Filter>
    </ClInclude>
    <ClInclude Include="src\game\System\SoundManager.h">
      <Filter>ソース ファイル\game\System</Filter>
    </ClInclude>
    <ClInclude Include="src\game\Shot\Shot.h">
      <Filter>ソース ファイル\game\Shot</Filter>
    </ClInclude>
    <ClInclude Include="src\game\Shot\ShotManager.h">
      <Filter>ソース ファイル\game\Shot</Filter>
    </ClInclude>
    <ClInclude Include="src\game\Enemy\Enemy1\Enemy.h">
      <Filter>ソース ファイル\game\Enemy\Enemy1</Filter>
    </ClInclude>
    <ClInclude Include="src\game\Enemy\Enemy1\EnemyManager.h">
      <Filter>ソース ファイル\game\Enemy\Enemy1</Filter>
    </ClInclude>
    <ClInclude Include="src\game\Enemy\Enemy2\Enemy2.h">
      <Filter>ソース ファイル\game\Enemy\Enemy2</Filter>
    </ClInclude>
    <ClInclude Include="src\game\Enemy\Enemy2\EnemyManager2.h">
      <Filter>ソース ファイル\game\Enemy\Enemy2</Filter>
    </ClInclude>
    <ClInclude Include="src\game\Enemy\Enemy3\Enemy3.h">
      <Filter>ソース ファイル\game\Enemy\Enemy3</Filter>
    </ClInclude>
    <ClInclude Include="src\game\Enemy\Enemy3\EnemyManager3.h">
      <Filter>ソース ファイル\game\Enemy\Enemy3</Filter>
    </ClInclude>
  </ItemGroup>
</Project>